
Microsoft Visual Studio Solution File, Format Version 12.00
# Visual Studio Version 17
VisualStudioVersion = 17.8.34525.116
MinimumVisualStudioVersion = 10.0.40219.1
Project("{FAE04EC0-301F-11D3-BF4B-00C04F79EFBC}") = "HeavenHome", "HeavenHome\HeavenHome.csproj", "{76F81A24-47B4-409C-BDB6-AB84BD4B88A3}"
EndProject
Global
	GlobalSection(SolutionConfigurationPlatforms) = preSolution
		Debug|Any CPU = Debug|Any CPU
		Release|Any CPU = Release|Any CPU
	EndGlobalSection
	GlobalSection(ProjectConfigurationPlatforms) = postSolution
		{76F81A24-47B4-409C-BDB6-AB84BD4B88A3}.Debug|Any CPU.ActiveCfg = Debug|Any CPU
		{76F81A24-47B4-409C-BDB6-AB84BD4B88A3}.Debug|Any CPU.Build.0 = Debug|Any CPU
		{76F81A24-47B4-409C-BDB6-AB84BD4B88A3}.Release|Any CPU.ActiveCfg = Release|Any CPU
		{76F81A24-47B4-409C-BDB6-AB84BD4B88A3}.Release|Any CPU.Build.0 = Release|Any CPU
	EndGlobalSection
	GlobalSection(SolutionProperties) = preSolution
		HideSolutionNode = FALSE
	EndGlobalSection
	GlobalSection(ExtensibilityGlobals) = postSolution
		SolutionGuid = {280E1011-41E6-4322-8E0F-F32B5F3EEC57}
	EndGlobalSection
EndGlobal
